
Microsoft Visual Studio Solution File, Format Version 12.00
# Visual Studio Version 16
VisualStudioVersion = 16.0.29609.76
MinimumVisualStudioVersion = 10.0.40219.1
Project("{FAE04EC0-301F-11D3-BF4B-00C04F79EFBC}") = "1712WeightMeter", "1712WeightMeter\1712WeightMeter.csproj", "{D0E02F5C-0227-47BE-AA5A-D84EAA85C5BD}"
EndProject
Global
	GlobalSection(SolutionConfigurationPlatforms) = preSolution
		Debug|Any CPU = Debug|Any CPU
		Release|Any CPU = Release|Any CPU
	EndGlobalSection
	GlobalSection(ProjectConfigurationPlatforms) = postSolution
		{D0E02F5C-0227-47BE-AA5A-D84EAA85C5BD}.Debug|Any CPU.ActiveCfg = Debug|Any CPU
		{D0E02F5C-0227-47BE-AA5A-D84EAA85C5BD}.Debug|Any CPU.Build.0 = Debug|Any CPU
		{D0E02F5C-0227-47BE-AA5A-D84EAA85C5BD}.Release|Any CPU.ActiveCfg = Release|Any CPU
		{D0E02F5C-0227-47BE-AA5A-D84EAA85C5BD}.Release|Any CPU.Build.0 = Release|Any CPU
	EndGlobalSection
	GlobalSection(SolutionProperties) = preSolution
		HideSolutionNode = FALSE
	EndGlobalSection
	GlobalSection(ExtensibilityGlobals) = postSolution
		SolutionGuid = {E89A7B4B-1114-4DFA-906E-0EA547B031FC}
	EndGlobalSection
EndGlobal
